
Microsoft Visual Studio Solution File, Format Version 12.00
# Visual Studio 15
VisualStudioVersion = 15.0.28307.271
MinimumVisualStudioVersion = 10.0.40219.1
Project("{8BC9CEB8-8B4A-11D0-8D11-00A0C91BC942}") = "classproject12", "classproject12\classproject12.vcxproj", "{2D108B5B-8EFE-49E9-93E8-C3C499EBA5D5}"
EndProject
Global
	GlobalSection(SolutionConfigurationPlatforms) = preSolution
		Debug|x64 = Debug|x64
		Debug|x86 = Debug|x86
		Release|x64 = Release|x64
		Release|x86 = Release|x86
	EndGlobalSection
	GlobalSection(ProjectConfigurationPlatforms) = postSolution
		{2D108B5B-8EFE-49E9-93E8-C3C499EBA5D5}.Debug|x64.ActiveCfg = Debug|x64
		{2D108B5B-8EFE-49E9-93E8-C3C499EBA5D5}.Debug|x64.Build.0 = Debug|x64
		{2D108B5B-8EFE-49E9-93E8-C3C499EBA5D5}.Debug|x86.ActiveCfg = Debug|Win32
		{2D108B5B-8EFE-49E9-93E8-C3C499EBA5D5}.Debug|x86.Build.0 = Debug|Win32
		{2D108B5B-8EFE-49E9-93E8-C3C499EBA5D5}.Release|x64.ActiveCfg = Release|x64
		{2D108B5B-8EFE-49E9-93E8-C3C499EBA5D5}.Release|x64.Build.0 = Release|x64
		{2D108B5B-8EFE-49E9-93E8-C3C499EBA5D5}.Release|x86.ActiveCfg = Release|Win32
		{2D108B5B-8EFE-49E9-93E8-C3C499EBA5D5}.Release|x86.Build.0 = Release|Win32
	EndGlobalSection
	GlobalSection(SolutionProperties) = preSolution
		HideSolutionNode = FALSE
	EndGlobalSection
	GlobalSection(ExtensibilityGlobals) = postSolution
		SolutionGuid = {1F2A5FFB-99C2-4BFF-94AA-52FC050B70B4}
	EndGlobalSection
EndGlobal
