
Microsoft Visual Studio Solution File, Format Version 12.00
# Visual Studio 15
VisualStudioVersion = 15.0.28307.271
MinimumVisualStudioVersion = 10.0.40219.1
Project("{8BC9CEB8-8B4A-11D0-8D11-00A0C91BC942}") = "employee_struct_solution", "employee_struct_solution\employee_struct_solution.vcxproj", "{518DB0BD-C49E-487D-986E-F480F2DF5301}"
EndProject
Global
	GlobalSection(SolutionConfigurationPlatforms) = preSolution
		Debug|x64 = Debug|x64
		Debug|x86 = Debug|x86
		Release|x64 = Release|x64
		Release|x86 = Release|x86
	EndGlobalSection
	GlobalSection(ProjectConfigurationPlatforms) = postSolution
		{518DB0BD-C49E-487D-986E-F480F2DF5301}.Debug|x64.ActiveCfg = Debug|x64
		{518DB0BD-C49E-487D-986E-F480F2DF5301}.Debug|x64.Build.0 = Debug|x64
		{518DB0BD-C49E-487D-986E-F480F2DF5301}.Debug|x86.ActiveCfg = Debug|Win32
		{518DB0BD-C49E-487D-986E-F480F2DF5301}.Debug|x86.Build.0 = Debug|Win32
		{518DB0BD-C49E-487D-986E-F480F2DF5301}.Release|x64.ActiveCfg = Release|x64
		{518DB0BD-C49E-487D-986E-F480F2DF5301}.Release|x64.Build.0 = Release|x64
		{518DB0BD-C49E-487D-986E-F480F2DF5301}.Release|x86.ActiveCfg = Release|Win32
		{518DB0BD-C49E-487D-986E-F480F2DF5301}.Release|x86.Build.0 = Release|Win32
	EndGlobalSection
	GlobalSection(SolutionProperties) = preSolution
		HideSolutionNode = FALSE
	EndGlobalSection
	GlobalSection(ExtensibilityGlobals) = postSolution
		SolutionGuid = {9B122D9E-D21F-4DCB-B17B-92631E4F83B1}
	EndGlobalSection
EndGlobal
